// !$*UTF8*$!
{
	archiveVersion = 1;
	classes = {
	};
	objectVersion = 55;
	objects = {

/* Begin PBXBuildFile section */
		5B0CBEDA29BF2AA300504BC4 /* FileLast.swift in Sources */ = {isa = PBXBuildFile; fileRef = 5B0CBED929BF2AA300504BC4 /* FileLast.swift */; };
		5B0CBEDC29BF2FA300504BC4 /* FirestoreDays.swift in Sources */ = {isa = PBXBuildFile; fileRef = 5B0CBEDB29BF2FA300504BC4 /* FirestoreDays.swift */; };
		5B16C7782980797F0083D7CE /* User.swift in Sources */ = {isa = PBXBuildFile; fileRef = 5B16C7772980797F0083D7CE /* User.swift */; };
		5B16C77A298085000083D7CE /* UserService.swift in Sources */ = {isa = PBXBuildFile; fileRef = 5B16C779298085000083D7CE /* UserService.swift */; };
		5B16C77E29855BF30083D7CE /* SideMenuVİewModel.swift in Sources */ = {isa = PBXBuildFile; fileRef = 5B16C77D29855BF30083D7CE /* SideMenuVİewModel.swift */; };
		5B460E5729B3377F0047EB6A /* ReservationModel.swift in Sources */ = {isa = PBXBuildFile; fileRef = 5B460E5629B3377F0047EB6A /* ReservationModel.swift */; };
		5B4A2EBB294DD7B100A9AD4A /* LastReservationApp.swift in Sources */ = {isa = PBXBuildFile; fileRef = 5B4A2EBA294DD7B100A9AD4A /* LastReservationApp.swift */; };
		5B4A2EBD294DD7B200A9AD4A /* ContentView.swift in Sources */ = {isa = PBXBuildFile; fileRef = 5B4A2EBC294DD7B200A9AD4A /* ContentView.swift */; };
		5B4A2EBF294DD7B300A9AD4A /* Assets.xcassets in Resources */ = {isa = PBXBuildFile; fileRef = 5B4A2EBE294DD7B300A9AD4A /* Assets.xcassets */; };
		5B4A2EC2294DD7B300A9AD4A /* Preview Assets.xcassets in Resources */ = {isa = PBXBuildFile; fileRef = 5B4A2EC1294DD7B300A9AD4A /* Preview Assets.xcassets */; };
		5B4A2ED1294DDB4400A9AD4A /* LoginView.swift in Sources */ = {isa = PBXBuildFile; fileRef = 5B4A2ED0294DDB4400A9AD4A /* LoginView.swift */; };
		5B4A2ED3294DDB6F00A9AD4A /* RegistrationView.swift in Sources */ = {isa = PBXBuildFile; fileRef = 5B4A2ED2294DDB6F00A9AD4A /* RegistrationView.swift */; };
		5B4A2ED5294E0FC300A9AD4A /* CustomInputFields.swift in Sources */ = {isa = PBXBuildFile; fileRef = 5B4A2ED4294E0FC300A9AD4A /* CustomInputFields.swift */; };
		5B4A2ED7294E20CD00A9AD4A /* GoogleService-Info.plist in Resources */ = {isa = PBXBuildFile; fileRef = 5B4A2ED6294E20CD00A9AD4A /* GoogleService-Info.plist */; };
		5B4A2EDA294E232800A9AD4A /* FirebaseAuth in Frameworks */ = {isa = PBXBuildFile; productRef = 5B4A2ED9294E232800A9AD4A /* FirebaseAuth */; };
		5B4A2EDC294E232800A9AD4A /* FirebaseFirestore in Frameworks */ = {isa = PBXBuildFile; productRef = 5B4A2EDB294E232800A9AD4A /* FirebaseFirestore */; };
		5B4A2EDE294E232800A9AD4A /* FirebaseFirestoreSwift in Frameworks */ = {isa = PBXBuildFile; productRef = 5B4A2EDD294E232800A9AD4A /* FirebaseFirestoreSwift */; };
		5B4A2EE0294E232800A9AD4A /* FirebaseStorage in Frameworks */ = {isa = PBXBuildFile; productRef = 5B4A2EDF294E232800A9AD4A /* FirebaseStorage */; };
		5B4A2EE2294E259900A9AD4A /* AuthViewModel.swift in Sources */ = {isa = PBXBuildFile; fileRef = 5B4A2EE1294E259800A9AD4A /* AuthViewModel.swift */; };
		5B57166F29BB538D0045C26E /* File.swift in Sources */ = {isa = PBXBuildFile; fileRef = 5B57166E29BB538D0045C26E /* File.swift */; };
		5B654C6029A558360053A850 /* NewMainMenu.swift in Sources */ = {isa = PBXBuildFile; fileRef = 5B654C5F29A558360053A850 /* NewMainMenu.swift */; };
		5B654C6229A577E20053A850 /* NewMainMenuViewModel.swift in Sources */ = {isa = PBXBuildFile; fileRef = 5B654C6129A577E20053A850 /* NewMainMenuViewModel.swift */; };
		5B654C6429A767FC0053A850 /* DayModel.swift in Sources */ = {isa = PBXBuildFile; fileRef = 5B654C6329A767FC0053A850 /* DayModel.swift */; };
		5B692F8829F1E1F200F0D700 /* ItemCheckboxView.swift in Sources */ = {isa = PBXBuildFile; fileRef = 5B692F8729F1E1F200F0D700 /* ItemCheckboxView.swift */; };
		5B74909929539626007F67ED /* MainTabView.swift in Sources */ = {isa = PBXBuildFile; fileRef = 5B74909829539626007F67ED /* MainTabView.swift */; };
		5B74909B295397CE007F67ED /* MainMenuView.swift in Sources */ = {isa = PBXBuildFile; fileRef = 5B74909A295397CE007F67ED /* MainMenuView.swift */; };
		5B74909F295399E3007F67ED /* SettingView.swift in Sources */ = {isa = PBXBuildFile; fileRef = 5B74909E295399E3007F67ED /* SettingView.swift */; };
		5B7490A229539B1D007F67ED /* CalendarView.swift in Sources */ = {isa = PBXBuildFile; fileRef = 5B7490A129539B1D007F67ED /* CalendarView.swift */; };
		5B791A3A299913F8006EC79B /* IndexView.swift in Sources */ = {isa = PBXBuildFile; fileRef = 5B791A39299913F8006EC79B /* IndexView.swift */; };
		5B791A3C299A7DE9006EC79B /* CalendarMainView.swift in Sources */ = {isa = PBXBuildFile; fileRef = 5B791A3B299A7DE9006EC79B /* CalendarMainView.swift */; };
		5B791A3E299D8D84006EC79B /* CustomDatePicker.swift in Sources */ = {isa = PBXBuildFile; fileRef = 5B791A3D299D8D84006EC79B /* CustomDatePicker.swift */; };
		5B791A41299E404E006EC79B /* DateValue.swift in Sources */ = {isa = PBXBuildFile; fileRef = 5B791A40299E404E006EC79B /* DateValue.swift */; };
		5B791A43299F79C5006EC79B /* Task.swift in Sources */ = {isa = PBXBuildFile; fileRef = 5B791A42299F79C5006EC79B /* Task.swift */; };
		5B8499C329982E5A009BA70E /* Date.swift in Sources */ = {isa = PBXBuildFile; fileRef = 5B8499C229982E59009BA70E /* Date.swift */; };
		5BC0D99729AE53140056B4BB /* CustomAlertView.swift in Sources */ = {isa = PBXBuildFile; fileRef = 5BC0D99629AE53140056B4BB /* CustomAlertView.swift */; };
		5BD4229D29E314EB000E3DC3 /* FirestoreSessions.swift in Sources */ = {isa = PBXBuildFile; fileRef = 5BD4229C29E314EB000E3DC3 /* FirestoreSessions.swift */; };
		5BD422A129E6B0F2000E3DC3 /* DayView.swift in Sources */ = {isa = PBXBuildFile; fileRef = 5BD422A029E6B0F2000E3DC3 /* DayView.swift */; };
		5BD422A329E75F50000E3DC3 /* ConfirmationView.swift in Sources */ = {isa = PBXBuildFile; fileRef = 5BD422A229E75F50000E3DC3 /* ConfirmationView.swift */; };
		5BD422A529EB0A27000E3DC3 /* ReservationsView.swift in Sources */ = {isa = PBXBuildFile; fileRef = 5BD422A429EB0A27000E3DC3 /* ReservationsView.swift */; };
		5BD6172F2954752D0022C98E /* SideMenuOptionRowView.swift in Sources */ = {isa = PBXBuildFile; fileRef = 5BD6172E2954752D0022C98E /* SideMenuOptionRowView.swift */; };
		5BD61731295475680022C98E /* SideMenuView.swift in Sources */ = {isa = PBXBuildFile; fileRef = 5BD61730295475680022C98E /* SideMenuView.swift */; };
/* End PBXBuildFile section */

/* Begin PBXFileReference section */
		5B0CBED929BF2AA300504BC4 /* FileLast.swift */ = {isa = PBXFileReference; lastKnownFileType = sourcecode.swift; path = FileLast.swift; sourceTree = "<group>"; };
		5B0CBEDB29BF2FA300504BC4 /* FirestoreDays.swift */ = {isa = PBXFileReference; lastKnownFileType = sourcecode.swift; path = FirestoreDays.swift; sourceTree = "<group>"; };
		5B16C7772980797F0083D7CE /* User.swift */ = {isa = PBXFileReference; lastKnownFileType = sourcecode.swift; path = User.swift; sourceTree = "<group>"; };
		5B16C779298085000083D7CE /* UserService.swift */ = {isa = PBXFileReference; lastKnownFileType = sourcecode.swift; path = UserService.swift; sourceTree = "<group>"; };
		5B16C77D29855BF30083D7CE /* SideMenuVİewModel.swift */ = {isa = PBXFileReference; lastKnownFileType = sourcecode.swift; path = "SideMenuVİewModel.swift"; sourceTree = "<group>"; };
		5B460E5629B3377F0047EB6A /* ReservationModel.swift */ = {isa = PBXFileReference; lastKnownFileType = sourcecode.swift; path = ReservationModel.swift; sourceTree = "<group>"; };
		5B4A2EB7294DD7B100A9AD4A /* LastReservation.app */ = {isa = PBXFileReference; explicitFileType = wrapper.application; includeInIndex = 0; path = LastReservation.app; sourceTree = BUILT_PRODUCTS_DIR; };
		5B4A2EBA294DD7B100A9AD4A /* LastReservationApp.swift */ = {isa = PBXFileReference; lastKnownFileType = sourcecode.swift; path = LastReservationApp.swift; sourceTree = "<group>"; };
		5B4A2EBC294DD7B200A9AD4A /* ContentView.swift */ = {isa = PBXFileReference; lastKnownFileType = sourcecode.swift; path = ContentView.swift; sourceTree = "<group>"; };
		5B4A2EBE294DD7B300A9AD4A /* Assets.xcassets */ = {isa = PBXFileReference; lastKnownFileType = folder.assetcatalog; path = Assets.xcassets; sourceTree = "<group>"; };
		5B4A2EC1294DD7B300A9AD4A /* Preview Assets.xcassets */ = {isa = PBXFileReference; lastKnownFileType = folder.assetcatalog; path = "Preview Assets.xcassets"; sourceTree = "<group>"; };
		5B4A2ED0294DDB4400A9AD4A /* LoginView.swift */ = {isa = PBXFileReference; lastKnownFileType = sourcecode.swift; path = LoginView.swift; sourceTree = "<group>"; };
		5B4A2ED2294DDB6F00A9AD4A /* RegistrationView.swift */ = {isa = PBXFileReference; lastKnownFileType = sourcecode.swift; path = RegistrationView.swift; sourceTree = "<group>"; };
		5B4A2ED4294E0FC300A9AD4A /* CustomInputFields.swift */ = {isa = PBXFileReference; lastKnownFileType = sourcecode.swift; path = CustomInputFields.swift; sourceTree = "<group>"; };
		5B4A2ED6294E20CD00A9AD4A /* GoogleService-Info.plist */ = {isa = PBXFileReference; fileEncoding = 4; lastKnownFileType = text.plist.xml; path = "GoogleService-Info.plist"; sourceTree = "<group>"; };
		5B4A2EE1294E259800A9AD4A /* AuthViewModel.swift */ = {isa = PBXFileReference; lastKnownFileType = sourcecode.swift; path = AuthViewModel.swift; sourceTree = "<group>"; };
		5B57166E29BB538D0045C26E /* File.swift */ = {isa = PBXFileReference; lastKnownFileType = sourcecode.swift; path = File.swift; sourceTree = "<group>"; };
		5B654C5F29A558360053A850 /* NewMainMenu.swift */ = {isa = PBXFileReference; lastKnownFileType = sourcecode.swift; path = NewMainMenu.swift; sourceTree = "<group>"; };
		5B654C6129A577E20053A850 /* NewMainMenuViewModel.swift */ = {isa = PBXFileReference; lastKnownFileType = sourcecode.swift; path = NewMainMenuViewModel.swift; sourceTree = "<group>"; };
		5B654C6329A767FC0053A850 /* DayModel.swift */ = {isa = PBXFileReference; lastKnownFileType = sourcecode.swift; path = DayModel.swift; sourceTree = "<group>"; };
		5B692F8729F1E1F200F0D700 /* ItemCheckboxView.swift */ = {isa = PBXFileReference; lastKnownFileType = sourcecode.swift; path = ItemCheckboxView.swift; sourceTree = "<group>"; };
		5B74909829539626007F67ED /* MainTabView.swift */ = {isa = PBXFileReference; lastKnownFileType = sourcecode.swift; path = MainTabView.swift; sourceTree = "<group>"; };
		5B74909A295397CE007F67ED /* MainMenuView.swift */ = {isa = PBXFileReference; lastKnownFileType = sourcecode.swift; path = MainMenuView.swift; sourceTree = "<group>"; };
		5B74909E295399E3007F67ED /* SettingView.swift */ = {isa = PBXFileReference; lastKnownFileType = sourcecode.swift; path = SettingView.swift; sourceTree = "<group>"; };
		5B7490A129539B1D007F67ED /* CalendarView.swift */ = {isa = PBXFileReference; lastKnownFileType = sourcecode.swift; path = CalendarView.swift; sourceTree = "<group>"; };
		5B791A39299913F8006EC79B /* IndexView.swift */ = {isa = PBXFileReference; lastKnownFileType = sourcecode.swift; path = IndexView.swift; sourceTree = "<group>"; };
		5B791A3B299A7DE9006EC79B /* CalendarMainView.swift */ = {isa = PBXFileReference; lastKnownFileType = sourcecode.swift; path = CalendarMainView.swift; sourceTree = "<group>"; };
		5B791A3D299D8D84006EC79B /* CustomDatePicker.swift */ = {isa = PBXFileReference; lastKnownFileType = sourcecode.swift; path = CustomDatePicker.swift; sourceTree = "<group>"; };
		5B791A40299E404E006EC79B /* DateValue.swift */ = {isa = PBXFileReference; lastKnownFileType = sourcecode.swift; path = DateValue.swift; sourceTree = "<group>"; };
		5B791A42299F79C5006EC79B /* Task.swift */ = {isa = PBXFileReference; lastKnownFileType = sourcecode.swift; path = Task.swift; sourceTree = "<group>"; };
		5B8499C229982E59009BA70E /* Date.swift */ = {isa = PBXFileReference; lastKnownFileType = sourcecode.swift; path = Date.swift; sourceTree = "<group>"; };
		5BC0D99629AE53140056B4BB /* CustomAlertView.swift */ = {isa = PBXFileReference; lastKnownFileType = sourcecode.swift; path = CustomAlertView.swift; sourceTree = "<group>"; };
		5BD4229C29E314EB000E3DC3 /* FirestoreSessions.swift */ = {isa = PBXFileReference; lastKnownFileType = sourcecode.swift; path = FirestoreSessions.swift; sourceTree = "<group>"; };
		5BD422A029E6B0F2000E3DC3 /* DayView.swift */ = {isa = PBXFileReference; lastKnownFileType = sourcecode.swift; path = DayView.swift; sourceTree = "<group>"; };
		5BD422A229E75F50000E3DC3 /* ConfirmationView.swift */ = {isa = PBXFileReference; lastKnownFileType = sourcecode.swift; path = ConfirmationView.swift; sourceTree = "<group>"; };
		5BD422A429EB0A27000E3DC3 /* ReservationsView.swift */ = {isa = PBXFileReference; lastKnownFileType = sourcecode.swift; path = ReservationsView.swift; sourceTree = "<group>"; };
		5BD6172E2954752D0022C98E /* SideMenuOptionRowView.swift */ = {isa = PBXFileReference; lastKnownFileType = sourcecode.swift; path = SideMenuOptionRowView.swift; sourceTree = "<group>"; };
		5BD61730295475680022C98E /* SideMenuView.swift */ = {isa = PBXFileReference; lastKnownFileType = sourcecode.swift; path = SideMenuView.swift; sourceTree = "<group>"; };
/* End PBXFileReference section */

/* Begin PBXFrameworksBuildPhase section */
		5B4A2EB4294DD7B100A9AD4A /* Frameworks */ = {
			isa = PBXFrameworksBuildPhase;
			buildActionMask = 2147483647;
			files = (
				5B4A2EDA294E232800A9AD4A /* FirebaseAuth in Frameworks */,
				5B4A2EE0294E232800A9AD4A /* FirebaseStorage in Frameworks */,
				5B4A2EDC294E232800A9AD4A /* FirebaseFirestore in Frameworks */,
				5B4A2EDE294E232800A9AD4A /* FirebaseFirestoreSwift in Frameworks */,
			);
			runOnlyForDeploymentPostprocessing = 0;
		};
/* End PBXFrameworksBuildPhase section */

/* Begin PBXGroup section */
		5B0CBED829BF2A9600504BC4 /* Notlar */ = {
			isa = PBXGroup;
			children = (
				5B0CBED929BF2AA300504BC4 /* FileLast.swift */,
			);
			path = Notlar;
			sourceTree = "<group>";
		};
		5B484B28298682B80035B61C /* ViewModel */ = {
			isa = PBXGroup;
			children = (
				5B16C77D29855BF30083D7CE /* SideMenuVİewModel.swift */,
			);
			path = ViewModel;
			sourceTree = "<group>";
		};
		5B4A2EAE294DD7B100A9AD4A = {
			isa = PBXGroup;
			children = (
				5B4A2EB9294DD7B100A9AD4A /* LastReservation */,
				5B4A2EB8294DD7B100A9AD4A /* Products */,
			);
			sourceTree = "<group>";
		};
		5B4A2EB8294DD7B100A9AD4A /* Products */ = {
			isa = PBXGroup;
			children = (
				5B4A2EB7294DD7B100A9AD4A /* LastReservation.app */,
			);
			name = Products;
			sourceTree = "<group>";
		};
		5B4A2EB9294DD7B100A9AD4A /* LastReservation */ = {
			isa = PBXGroup;
			children = (
				5B0CBED829BF2A9600504BC4 /* Notlar */,
				5B4A2ECB294DD7D700A9AD4A /* Service */,
				5B4A2ECA294DD7D400A9AD4A /* Model */,
				5B4A2EC9294DD7D100A9AD4A /* Core */,
				5B4A2EC8294DD7C500A9AD4A /* Extensions */,
				5B4A2EBA294DD7B100A9AD4A /* LastReservationApp.swift */,
				5B4A2EBC294DD7B200A9AD4A /* ContentView.swift */,
				5B4A2EBE294DD7B300A9AD4A /* Assets.xcassets */,
				5B4A2ED6294E20CD00A9AD4A /* GoogleService-Info.plist */,
				5B4A2EC0294DD7B300A9AD4A /* Preview Content */,
			);
			path = LastReservation;
			sourceTree = "<group>";
		};
		5B4A2EC0294DD7B300A9AD4A /* Preview Content */ = {
			isa = PBXGroup;
			children = (
				5B4A2EC1294DD7B300A9AD4A /* Preview Assets.xcassets */,
			);
			path = "Preview Content";
			sourceTree = "<group>";
		};
		5B4A2EC8294DD7C500A9AD4A /* Extensions */ = {
			isa = PBXGroup;
			children = (
			);
			path = Extensions;
			sourceTree = "<group>";
		};
		5B4A2EC9294DD7D100A9AD4A /* Core */ = {
			isa = PBXGroup;
			children = (
				5B6ADE3B29B270D600DC8F65 /* Reservation */,
				5BD6172B295473E60022C98E /* SideMenu */,
				5B7490A0295399E9007F67ED /* Calendar */,
				5B74909D295399C1007F67ED /* Main */,
				5B74909C295399B8007F67ED /* Setting */,
				5B749097295393F9007F67ED /* Tab */,
				5B4A2ECD294DD94E00A9AD4A /* Authentication */,
				5B4A2ECC294DD84500A9AD4A /* Components */,
			);
			path = Core;
			sourceTree = "<group>";
		};
		5B4A2ECA294DD7D400A9AD4A /* Model */ = {
			isa = PBXGroup;
			children = (
				5B16C7772980797F0083D7CE /* User.swift */,
				5B8499C229982E59009BA70E /* Date.swift */,
				5B0CBEDB29BF2FA300504BC4 /* FirestoreDays.swift */,
				5BD4229C29E314EB000E3DC3 /* FirestoreSessions.swift */,
			);
			path = Model;
			sourceTree = "<group>";
		};
		5B4A2ECB294DD7D700A9AD4A /* Service */ = {
			isa = PBXGroup;
			children = (
				5B16C779298085000083D7CE /* UserService.swift */,
			);
			path = Service;
			sourceTree = "<group>";
		};
		5B4A2ECC294DD84500A9AD4A /* Components */ = {
			isa = PBXGroup;
			children = (
				5B4A2ED4294E0FC300A9AD4A /* CustomInputFields.swift */,
				5BC0D99629AE53140056B4BB /* CustomAlertView.swift */,
			);
			path = Components;
			sourceTree = "<group>";
		};
		5B4A2ECD294DD94E00A9AD4A /* Authentication */ = {
			isa = PBXGroup;
			children = (
				5B4A2ECF294DDB3300A9AD4A /* ViewModels */,
				5B4A2ECE294DDB2E00A9AD4A /* Views */,
			);
			path = Authentication;
			sourceTree = "<group>";
		};
		5B4A2ECE294DDB2E00A9AD4A /* Views */ = {
			isa = PBXGroup;
			children = (
				5B4A2ED0294DDB4400A9AD4A /* LoginView.swift */,
				5B4A2ED2294DDB6F00A9AD4A /* RegistrationView.swift */,
			);
			path = Views;
			sourceTree = "<group>";
		};
		5B4A2ECF294DDB3300A9AD4A /* ViewModels */ = {
			isa = PBXGroup;
			children = (
				5B4A2EE1294E259800A9AD4A /* AuthViewModel.swift */,
			);
			path = ViewModels;
			sourceTree = "<group>";
		};
		5B654C5E29A5581B0053A850 /* NewMainMenu */ = {
			isa = PBXGroup;
			children = (
				5B654C5F29A558360053A850 /* NewMainMenu.swift */,
				5B654C6129A577E20053A850 /* NewMainMenuViewModel.swift */,
				5B654C6329A767FC0053A850 /* DayModel.swift */,
				5BD422A029E6B0F2000E3DC3 /* DayView.swift */,
				5BD422A229E75F50000E3DC3 /* ConfirmationView.swift */,
				5B692F8729F1E1F200F0D700 /* ItemCheckboxView.swift */,
			);
			path = NewMainMenu;
			sourceTree = "<group>";
		};
		5B6ADE3B29B270D600DC8F65 /* Reservation */ = {
			isa = PBXGroup;
			children = (
				5B460E5629B3377F0047EB6A /* ReservationModel.swift */,
				5B57166E29BB538D0045C26E /* File.swift */,
				5BD422A429EB0A27000E3DC3 /* ReservationsView.swift */,
			);
			path = Reservation;
			sourceTree = "<group>";
		};
		5B749097295393F9007F67ED /* Tab */ = {
			isa = PBXGroup;
			children = (
				5B74909829539626007F67ED /* MainTabView.swift */,
			);
			path = Tab;
			sourceTree = "<group>";
		};
		5B74909C295399B8007F67ED /* Setting */ = {
			isa = PBXGroup;
			children = (
				5B74909E295399E3007F67ED /* SettingView.swift */,
			);
			path = Setting;
			sourceTree = "<group>";
		};
		5B74909D295399C1007F67ED /* Main */ = {
			isa = PBXGroup;
			children = (
				5B654C5E29A5581B0053A850 /* NewMainMenu */,
				5B791A3629991397006EC79B /* Index */,
				5B74909A295397CE007F67ED /* MainMenuView.swift */,
			);
			path = Main;
			sourceTree = "<group>";
		};
		5B7490A0295399E9007F67ED /* Calendar */ = {
			isa = PBXGroup;
			children = (
				5B791A3F299E4037006EC79B /* Model */,
				5B7490A129539B1D007F67ED /* CalendarView.swift */,
				5B791A3D299D8D84006EC79B /* CustomDatePicker.swift */,
			);
			path = Calendar;
			sourceTree = "<group>";
		};
		5B791A3629991397006EC79B /* Index */ = {
			isa = PBXGroup;
			children = (
				5B791A39299913F8006EC79B /* IndexView.swift */,
				5B791A3B299A7DE9006EC79B /* CalendarMainView.swift */,
			);
			path = Index;
			sourceTree = "<group>";
		};
		5B791A3F299E4037006EC79B /* Model */ = {
			isa = PBXGroup;
			children = (
				5B791A40299E404E006EC79B /* DateValue.swift */,
				5B791A42299F79C5006EC79B /* Task.swift */,
			);
			path = Model;
			sourceTree = "<group>";
		};
		5BD6172B295473E60022C98E /* SideMenu */ = {
			isa = PBXGroup;
			children = (
				5B484B28298682B80035B61C /* ViewModel */,
				5BD6172E2954752D0022C98E /* SideMenuOptionRowView.swift */,
				5BD61730295475680022C98E /* SideMenuView.swift */,
			);
			path = SideMenu;
			sourceTree = "<group>";
		};
/* End PBXGroup section */

/* Begin PBXNativeTarget section */
		5B4A2EB6294DD7B100A9AD4A /* LastReservation */ = {
			isa = PBXNativeTarget;
			buildConfigurationList = 5B4A2EC5294DD7B300A9AD4A /* Build configuration list for PBXNativeTarget "LastReservation" */;
			buildPhases = (
				5B4A2EB3294DD7B100A9AD4A /* Sources */,
				5B4A2EB4294DD7B100A9AD4A /* Frameworks */,
				5B4A2EB5294DD7B100A9AD4A /* Resources */,
			);
			buildRules = (
			);
			dependencies = (
			);
			name = LastReservation;
			packageProductDependencies = (
				5B4A2ED9294E232800A9AD4A /* FirebaseAuth */,
				5B4A2EDB294E232800A9AD4A /* FirebaseFirestore */,
				5B4A2EDD294E232800A9AD4A /* FirebaseFirestoreSwift */,
				5B4A2EDF294E232800A9AD4A /* FirebaseStorage */,
			);
			productName = LastReservation;
			productReference = 5B4A2EB7294DD7B100A9AD4A /* LastReservation.app */;
			productType = "com.apple.product-type.application";
		};
/* End PBXNativeTarget section */

/* Begin PBXProject section */
		5B4A2EAF294DD7B100A9AD4A /* Project object */ = {
			isa = PBXProject;
			attributes = {
				BuildIndependentTargetsInParallel = 1;
				LastSwiftUpdateCheck = 1330;
				LastUpgradeCheck = 1330;
				TargetAttributes = {
					5B4A2EB6294DD7B100A9AD4A = {
						CreatedOnToolsVersion = 13.3.1;
					};
				};
			};
			buildConfigurationList = 5B4A2EB2294DD7B100A9AD4A /* Build configuration list for PBXProject "LastReservation" */;
			compatibilityVersion = "Xcode 13.0";
			developmentRegion = en;
			hasScannedForEncodings = 0;
			knownRegions = (
				en,
				Base,
			);
			mainGroup = 5B4A2EAE294DD7B100A9AD4A;
			packageReferences = (
				5B4A2ED8294E232800A9AD4A /* XCRemoteSwiftPackageReference "firebase-ios-sdk" */,
			);
			productRefGroup = 5B4A2EB8294DD7B100A9AD4A /* Products */;
			projectDirPath = "";
			projectRoot = "";
			targets = (
				5B4A2EB6294DD7B100A9AD4A /* LastReservation */,
			);
		};
/* End PBXProject section */

/* Begin PBXResourcesBuildPhase section */
		5B4A2EB5294DD7B100A9AD4A /* Resources */ = {
			isa = PBXResourcesBuildPhase;
			buildActionMask = 2147483647;
			files = (
				5B4A2EC2294DD7B300A9AD4A /* Preview Assets.xcassets in Resources */,
				5B4A2EBF294DD7B300A9AD4A /* Assets.xcassets in Resources */,
				5B4A2ED7294E20CD00A9AD4A /* GoogleService-Info.plist in Resources */,
			);
			runOnlyForDeploymentPostprocessing = 0;
		};
/* End PBXResourcesBuildPhase section */

/* Begin PBXSourcesBuildPhase section */
		5B4A2EB3294DD7B100A9AD4A /* Sources */ = {
			isa = PBXSourcesBuildPhase;
			buildActionMask = 2147483647;
			files = (
				5B0CBEDC29BF2FA300504BC4 /* FirestoreDays.swift in Sources */,
				5BD422A129E6B0F2000E3DC3 /* DayView.swift in Sources */,
				5BC0D99729AE53140056B4BB /* CustomAlertView.swift in Sources */,
				5B654C6429A767FC0053A850 /* DayModel.swift in Sources */,
				5B654C6029A558360053A850 /* NewMainMenu.swift in Sources */,
				5BD4229D29E314EB000E3DC3 /* FirestoreSessions.swift in Sources */,
				5B16C77E29855BF30083D7CE /* SideMenuVİewModel.swift in Sources */,
				5B7490A229539B1D007F67ED /* CalendarView.swift in Sources */,
				5B0CBEDA29BF2AA300504BC4 /* FileLast.swift in Sources */,
				5B791A3E299D8D84006EC79B /* CustomDatePicker.swift in Sources */,
				5B791A3A299913F8006EC79B /* IndexView.swift in Sources */,
				5B460E5729B3377F0047EB6A /* ReservationModel.swift in Sources */,
				5B791A3C299A7DE9006EC79B /* CalendarMainView.swift in Sources */,
				5B57166F29BB538D0045C26E /* File.swift in Sources */,
				5B4A2ED1294DDB4400A9AD4A /* LoginView.swift in Sources */,
				5B692F8829F1E1F200F0D700 /* ItemCheckboxView.swift in Sources */,
				5B8499C329982E5A009BA70E /* Date.swift in Sources */,
				5B4A2EBD294DD7B200A9AD4A /* ContentView.swift in Sources */,
				5BD61731295475680022C98E /* SideMenuView.swift in Sources */,
				5B654C6229A577E20053A850 /* NewMainMenuViewModel.swift in Sources */,
				5B791A41299E404E006EC79B /* DateValue.swift in Sources */,
				5B74909B295397CE007F67ED /* MainMenuView.swift in Sources */,
				5BD422A329E75F50000E3DC3 /* ConfirmationView.swift in Sources */,
				5BD6172F2954752D0022C98E /* SideMenuOptionRowView.swift in Sources */,
				5B16C7782980797F0083D7CE /* User.swift in Sources */,
				5BD422A529EB0A27000E3DC3 /* ReservationsView.swift in Sources */,
				5B74909F295399E3007F67ED /* SettingView.swift in Sources */,
				5B4A2EE2294E259900A9AD4A /* AuthViewModel.swift in Sources */,
				5B4A2EBB294DD7B100A9AD4A /* LastReservationApp.swift in Sources */,
				5B16C77A298085000083D7CE /* UserService.swift in Sources */,
				5B74909929539626007F67ED /* MainTabView.swift in Sources */,
				5B4A2ED5294E0FC300A9AD4A /* CustomInputFields.swift in Sources */,
				5B791A43299F79C5006EC79B /* Task.swift in Sources */,
				5B4A2ED3294DDB6F00A9AD4A /* RegistrationView.swift in Sources */,
			);
			runOnlyForDeploymentPostprocessing = 0;
		};
/* End PBXSourcesBuildPhase section */

/* Begin XCBuildConfiguration section */
		5B4A2EC3294DD7B300A9AD4A /* Debug */ = {
			isa = XCBuildConfiguration;
			buildSettings = {
				ALWAYS_SEARCH_USER_PATHS = NO;
				CLANG_ANALYZER_NONNULL = YES;
				CLANG_ANALYZER_NUMBER_OBJECT_CONVERSION = YES_AGGRESSIVE;
				CLANG_CXX_LANGUAGE_STANDARD = "gnu++17";
				CLANG_ENABLE_MODULES = YES;
				CLANG_ENABLE_OBJC_ARC = YES;
				CLANG_ENABLE_OBJC_WEAK = YES;
				CLANG_WARN_BLOCK_CAPTURE_AUTORELEASING = YES;
				CLANG_WARN_BOOL_CONVERSION = YES;
				CLANG_WARN_COMMA = YES;
				CLANG_WARN_CONSTANT_CONVERSION = YES;
				CLANG_WARN_DEPRECATED_OBJC_IMPLEMENTATIONS = YES;
				CLANG_WARN_DIRECT_OBJC_ISA_USAGE = YES_ERROR;
				CLANG_WARN_DOCUMENTATION_COMMENTS = YES;
				CLANG_WARN_EMPTY_BODY = YES;
				CLANG_WARN_ENUM_CONVERSION = YES;
				CLANG_WARN_INFINITE_RECURSION = YES;
				CLANG_WARN_INT_CONVERSION = YES;
				CLANG_WARN_NON_LITERAL_NULL_CONVERSION = YES;
				CLANG_WARN_OBJC_IMPLICIT_RETAIN_SELF = YES;
				CLANG_WARN_OBJC_LITERAL_CONVERSION = YES;
				CLANG_WARN_OBJC_ROOT_CLASS = YES_ERROR;
				CLANG_WARN_QUOTED_INCLUDE_IN_FRAMEWORK_HEADER = YES;
				CLANG_WARN_RANGE_LOOP_ANALYSIS = YES;
				CLANG_WARN_STRICT_PROTOTYPES = YES;
				CLANG_WARN_SUSPICIOUS_MOVE = YES;
				CLANG_WARN_UNGUARDED_AVAILABILITY = YES_AGGRESSIVE;
				CLANG_WARN_UNREACHABLE_CODE = YES;
				CLANG_WARN__DUPLICATE_METHOD_MATCH = YES;
				COPY_PHASE_STRIP = NO;
				DEBUG_INFORMATION_FORMAT = dwarf;
				ENABLE_STRICT_OBJC_MSGSEND = YES;
				ENABLE_TESTABILITY = YES;
				GCC_C_LANGUAGE_STANDARD = gnu11;
				GCC_DYNAMIC_NO_PIC = NO;
				GCC_NO_COMMON_BLOCKS = YES;
				GCC_OPTIMIZATION_LEVEL = 0;
				GCC_PREPROCESSOR_DEFINITIONS = (
					"DEBUG=1",
					"$(inherited)",
				);
				GCC_WARN_64_TO_32_BIT_CONVERSION = YES;
				GCC_WARN_ABOUT_RETURN_TYPE = YES_ERROR;
				GCC_WARN_UNDECLARED_SELECTOR = YES;
				GCC_WARN_UNINITIALIZED_AUTOS = YES_AGGRESSIVE;
				GCC_WARN_UNUSED_FUNCTION = YES;
				GCC_WARN_UNUSED_VARIABLE = YES;
				IPHONEOS_DEPLOYMENT_TARGET = 15.4;
				MTL_ENABLE_DEBUG_INFO = INCLUDE_SOURCE;
				MTL_FAST_MATH = YES;
				ONLY_ACTIVE_ARCH = YES;
				SDKROOT = iphoneos;
				SWIFT_ACTIVE_COMPILATION_CONDITIONS = DEBUG;
				SWIFT_OPTIMIZATION_LEVEL = "-Onone";
			};
			name = Debug;
		};
		5B4A2EC4294DD7B300A9AD4A /* Release */ = {
			isa = XCBuildConfiguration;
			buildSettings = {
				ALWAYS_SEARCH_USER_PATHS = NO;
				CLANG_ANALYZER_NONNULL = YES;
				CLANG_ANALYZER_NUMBER_OBJECT_CONVERSION = YES_AGGRESSIVE;
				CLANG_CXX_LANGUAGE_STANDARD = "gnu++17";
				CLANG_ENABLE_MODULES = YES;
				CLANG_ENABLE_OBJC_ARC = YES;
				CLANG_ENABLE_OBJC_WEAK = YES;
				CLANG_WARN_BLOCK_CAPTURE_AUTORELEASING = YES;
				CLANG_WARN_BOOL_CONVERSION = YES;
				CLANG_WARN_COMMA = YES;
				CLANG_WARN_CONSTANT_CONVERSION = YES;
				CLANG_WARN_DEPRECATED_OBJC_IMPLEMENTATIONS = YES;
				CLANG_WARN_DIRECT_OBJC_ISA_USAGE = YES_ERROR;
				CLANG_WARN_DOCUMENTATION_COMMENTS = YES;
				CLANG_WARN_EMPTY_BODY = YES;
				CLANG_WARN_ENUM_CONVERSION = YES;
				CLANG_WARN_INFINITE_RECURSION = YES;
				CLANG_WARN_INT_CONVERSION = YES;
				CLANG_WARN_NON_LITERAL_NULL_CONVERSION = YES;
				CLANG_WARN_OBJC_IMPLICIT_RETAIN_SELF = YES;
				CLANG_WARN_OBJC_LITERAL_CONVERSION = YES;
				CLANG_WARN_OBJC_ROOT_CLASS = YES_ERROR;
				CLANG_WARN_QUOTED_INCLUDE_IN_FRAMEWORK_HEADER = YES;
				CLANG_WARN_RANGE_LOOP_ANALYSIS = YES;
				CLANG_WARN_STRICT_PROTOTYPES = YES;
				CLANG_WARN_SUSPICIOUS_MOVE = YES;
				CLANG_WARN_UNGUARDED_AVAILABILITY = YES_AGGRESSIVE;
				CLANG_WARN_UNREACHABLE_CODE = YES;
				CLANG_WARN__DUPLICATE_METHOD_MATCH = YES;
				COPY_PHASE_STRIP = NO;
				DEBUG_INFORMATION_FORMAT = "dwarf-with-dsym";
				ENABLE_NS_ASSERTIONS = NO;
				ENABLE_STRICT_OBJC_MSGSEND = YES;
				GCC_C_LANGUAGE_STANDARD = gnu11;
				GCC_NO_COMMON_BLOCKS = YES;
				GCC_WARN_64_TO_32_BIT_CONVERSION = YES;
				GCC_WARN_ABOUT_RETURN_TYPE = YES_ERROR;
				GCC_WARN_UNDECLARED_SELECTOR = YES;
				GCC_WARN_UNINITIALIZED_AUTOS = YES_AGGRESSIVE;
				GCC_WARN_UNUSED_FUNCTION = YES;
				GCC_WARN_UNUSED_VARIABLE = YES;
				IPHONEOS_DEPLOYMENT_TARGET = 15.4;
				MTL_ENABLE_DEBUG_INFO = NO;
				MTL_FAST_MATH = YES;
				SDKROOT = iphoneos;
				SWIFT_COMPILATION_MODE = wholemodule;
				SWIFT_OPTIMIZATION_LEVEL = "-O";
				VALIDATE_PRODUCT = YES;
			};
			name = Release;
		};
		5B4A2EC6294DD7B300A9AD4A /* Debug */ = {
			isa = XCBuildConfiguration;
			buildSettings = {
				ASSETCATALOG_COMPILER_APPICON_NAME = AppIcon;
				ASSETCATALOG_COMPILER_GLOBAL_ACCENT_COLOR_NAME = AccentColor;
				CODE_SIGN_STYLE = Automatic;
				CURRENT_PROJECT_VERSION = 1;
				DEVELOPMENT_ASSET_PATHS = "\"LastReservation/Preview Content\"";
				DEVELOPMENT_TEAM = 4SJ82Z4WX2;
				ENABLE_PREVIEWS = YES;
				GENERATE_INFOPLIST_FILE = YES;
				INFOPLIST_KEY_UIApplicationSceneManifest_Generation = YES;
				INFOPLIST_KEY_UIApplicationSupportsIndirectInputEvents = YES;
				INFOPLIST_KEY_UILaunchScreen_Generation = YES;
				INFOPLIST_KEY_UISupportedInterfaceOrientations_iPad = "UIInterfaceOrientationPortrait UIInterfaceOrientationPortraitUpsideDown UIInterfaceOrientationLandscapeLeft UIInterfaceOrientationLandscapeRight";
				INFOPLIST_KEY_UISupportedInterfaceOrientations_iPhone = "UIInterfaceOrientationPortrait UIInterfaceOrientationLandscapeLeft UIInterfaceOrientationLandscapeRight";
				LD_RUNPATH_SEARCH_PATHS = (
					"$(inherited)",
					"@executable_path/Frameworks",
				);
				MARKETING_VERSION = 1.0;
				PRODUCT_BUNDLE_IDENTIFIER = com.brtyvz.LastReservation;
				PRODUCT_NAME = "$(TARGET_NAME)";
				SWIFT_EMIT_LOC_STRINGS = YES;
				SWIFT_VERSION = 5.0;
				TARGETED_DEVICE_FAMILY = "1,2";
			};
			name = Debug;
		};
		5B4A2EC7294DD7B300A9AD4A /* Release */ = {
			isa = XCBuildConfiguration;
			buildSettings = {
				ASSETCATALOG_COMPILER_APPICON_NAME = AppIcon;
				ASSETCATALOG_COMPILER_GLOBAL_ACCENT_COLOR_NAME = AccentColor;
				CODE_SIGN_STYLE = Automatic;
				CURRENT_PROJECT_VERSION = 1;
				DEVELOPMENT_ASSET_PATHS = "\"LastReservation/Preview Content\"";
				DEVELOPMENT_TEAM = 4SJ82Z4WX2;
				ENABLE_PREVIEWS = YES;
				GENERATE_INFOPLIST_FILE = YES;
				INFOPLIST_KEY_UIApplicationSceneManifest_Generation = YES;
				INFOPLIST_KEY_UIApplicationSupportsIndirectInputEvents = YES;
				INFOPLIST_KEY_UILaunchScreen_Generation = YES;
				INFOPLIST_KEY_UISupportedInterfaceOrientations_iPad = "UIInterfaceOrientationPortrait UIInterfaceOrientationPortraitUpsideDown UIInterfaceOrientationLandscapeLeft UIInterfaceOrientationLandscapeRight";
				INFOPLIST_KEY_UISupportedInterfaceOrientations_iPhone = "UIInterfaceOrientationPortrait UIInterfaceOrientationLandscapeLeft UIInterfaceOrientationLandscapeRight";
				LD_RUNPATH_SEARCH_PATHS = (
					"$(inherited)",
					"@executable_path/Frameworks",
				);
				MARKETING_VERSION = 1.0;
				PRODUCT_BUNDLE_IDENTIFIER = com.brtyvz.LastReservation;
				PRODUCT_NAME = "$(TARGET_NAME)";
				SWIFT_EMIT_LOC_STRINGS = YES;
				SWIFT_VERSION = 5.0;
				TARGETED_DEVICE_FAMILY = "1,2";
			};
			name = Release;
		};
/* End XCBuildConfiguration section */

/* Begin XCConfigurationList section */
		5B4A2EB2294DD7B100A9AD4A /* Build configuration list for PBXProject "LastReservation" */ = {
			isa = XCConfigurationList;
			buildConfigurations = (
				5B4A2EC3294DD7B300A9AD4A /* Debug */,
				5B4A2EC4294DD7B300A9AD4A /* Release */,
			);
			defaultConfigurationIsVisible = 0;
			defaultConfigurationName = Release;
		};
		5B4A2EC5294DD7B300A9AD4A /* Build configuration list for PBXNativeTarget "LastReservation" */ = {
			isa = XCConfigurationList;
			buildConfigurations = (
				5B4A2EC6294DD7B300A9AD4A /* Debug */,
				5B4A2EC7294DD7B300A9AD4A /* Release */,
			);
			defaultConfigurationIsVisible = 0;
			defaultConfigurationName = Release;
		};
/* End XCConfigurationList section */

/* Begin XCRemoteSwiftPackageReference section */
		5B4A2ED8294E232800A9AD4A /* XCRemoteSwiftPackageReference "firebase-ios-sdk" */ = {
			isa = XCRemoteSwiftPackageReference;
			repositoryURL = "https://github.com/firebase/firebase-ios-sdk";
			requirement = {
				branch = master;
				kind = branch;
			};
		};
/* End XCRemoteSwiftPackageReference section */

/* Begin XCSwiftPackageProductDependency section */
		5B4A2ED9294E232800A9AD4A /* FirebaseAuth */ = {
			isa = XCSwiftPackageProductDependency;
			package = 5B4A2ED8294E232800A9AD4A /* XCRemoteSwiftPackageReference "firebase-ios-sdk" */;
			productName = FirebaseAuth;
		};
		5B4A2EDB294E232800A9AD4A /* FirebaseFirestore */ = {
			isa = XCSwiftPackageProductDependency;
			package = 5B4A2ED8294E232800A9AD4A /* XCRemoteSwiftPackageReference "firebase-ios-sdk" */;
			productName = FirebaseFirestore;
		};
		5B4A2EDD294E232800A9AD4A /* FirebaseFirestoreSwift */ = {
			isa = XCSwiftPackageProductDependency;
			package = 5B4A2ED8294E232800A9AD4A /* XCRemoteSwiftPackageReference "firebase-ios-sdk" */;
			productName = FirebaseFirestoreSwift;
		};
		5B4A2EDF294E232800A9AD4A /* FirebaseStorage */ = {
			isa = XCSwiftPackageProductDependency;
			package = 5B4A2ED8294E232800A9AD4A /* XCRemoteSwiftPackageReference "firebase-ios-sdk" */;
			productName = FirebaseStorage;
		};
/* End XCSwiftPackageProductDependency section */
	};
	rootObject = 5B4A2EAF294DD7B100A9AD4A /* Project object */;
}
